// !$*UTF8*$!
{
	archiveVersion = 1;
	classes = {
	};
	objectVersion = 51;
	objects = {

/* Begin PBXBuildFile section */
		A86C79B20C0D1666C1323725 /* Pods_BrainstormTask.framework in Frameworks */ = {isa = PBXBuildFile; fileRef = 9FD3CB0D71669AD0FB79F354 /* Pods_BrainstormTask.framework */; };
		F1AC02E825F950FB0049D1FA /* AppDelegate.swift in Sources */ = {isa = PBXBuildFile; fileRef = F1AC02E725F950FB0049D1FA /* AppDelegate.swift */; };
		F1AC02EA25F950FB0049D1FA /* SceneDelegate.swift in Sources */ = {isa = PBXBuildFile; fileRef = F1AC02E925F950FB0049D1FA /* SceneDelegate.swift */; };
		F1AC02EF25F950FB0049D1FA /* Main.storyboard in Resources */ = {isa = PBXBuildFile; fileRef = F1AC02ED25F950FB0049D1FA /* Main.storyboard */; };
		F1AC02F125F950FD0049D1FA /* Assets.xcassets in Resources */ = {isa = PBXBuildFile; fileRef = F1AC02F025F950FD0049D1FA /* Assets.xcassets */; };
		F1AC02F425F950FD0049D1FA /* LaunchScreen.storyboard in Resources */ = {isa = PBXBuildFile; fileRef = F1AC02F225F950FD0049D1FA /* LaunchScreen.storyboard */; };
		F1AC030825F951460049D1FA /* UsersPresenter.swift in Sources */ = {isa = PBXBuildFile; fileRef = F1AC030225F951460049D1FA /* UsersPresenter.swift */; };
		F1AC030925F951460049D1FA /* UsersRouter.swift in Sources */ = {isa = PBXBuildFile; fileRef = F1AC030325F951460049D1FA /* UsersRouter.swift */; };
		F1AC030A25F951460049D1FA /* UsersViewController.swift in Sources */ = {isa = PBXBuildFile; fileRef = F1AC030425F951460049D1FA /* UsersViewController.swift */; };
		F1AC030B25F951460049D1FA /* UsersProtocols.swift in Sources */ = {isa = PBXBuildFile; fileRef = F1AC030525F951460049D1FA /* UsersProtocols.swift */; };
		F1AC030C25F951460049D1FA /* UsersInteractor.swift in Sources */ = {isa = PBXBuildFile; fileRef = F1AC030625F951460049D1FA /* UsersInteractor.swift */; };
		F1AC031625F951E50049D1FA /* SFProText-Regular.ttf in Resources */ = {isa = PBXBuildFile; fileRef = F1AC031025F9515F0049D1FA /* SFProText-Regular.ttf */; };
		F1AC031B25F952030049D1FA /* UserTableViewCell.swift in Sources */ = {isa = PBXBuildFile; fileRef = F1AC031925F952030049D1FA /* UserTableViewCell.swift */; };
		F1AC031C25F952030049D1FA /* UserTableViewCell.xib in Resources */ = {isa = PBXBuildFile; fileRef = F1AC031A25F952030049D1FA /* UserTableViewCell.xib */; };
		F1AC032225F952530049D1FA /* UITableView+Extension.swift in Sources */ = {isa = PBXBuildFile; fileRef = F1AC032025F952530049D1FA /* UITableView+Extension.swift */; };
		F1AC032325F952530049D1FA /* NSObject+Extension.swift in Sources */ = {isa = PBXBuildFile; fileRef = F1AC032125F952530049D1FA /* NSObject+Extension.swift */; };
		F1AC035725F954400049D1FA /* User.swift in Sources */ = {isa = PBXBuildFile; fileRef = F1AC035625F954400049D1FA /* User.swift */; };
/* End PBXBuildFile section */

/* Begin PBXFileReference section */
		451845807F6E1470B20762E6 /* Pods-BrainstormTask.release.xcconfig */ = {isa = PBXFileReference; includeInIndex = 1; lastKnownFileType = text.xcconfig; name = "Pods-BrainstormTask.release.xcconfig"; path = "Target Support Files/Pods-BrainstormTask/Pods-BrainstormTask.release.xcconfig"; sourceTree = "<group>"; };
		728EFCECB96D6D9B540515F5 /* Pods-BrainstormTask.debug.xcconfig */ = {isa = PBXFileReference; includeInIndex = 1; lastKnownFileType = text.xcconfig; name = "Pods-BrainstormTask.debug.xcconfig"; path = "Target Support Files/Pods-BrainstormTask/Pods-BrainstormTask.debug.xcconfig"; sourceTree = "<group>"; };
		9FD3CB0D71669AD0FB79F354 /* Pods_BrainstormTask.framework */ = {isa = PBXFileReference; explicitFileType = wrapper.framework; includeInIndex = 0; path = Pods_BrainstormTask.framework; sourceTree = BUILT_PRODUCTS_DIR; };
		F1AC02E425F950FB0049D1FA /* BrainstormTask.app */ = {isa = PBXFileReference; explicitFileType = wrapper.application; includeInIndex = 0; path = BrainstormTask.app; sourceTree = BUILT_PRODUCTS_DIR; };
		F1AC02E725F950FB0049D1FA /* AppDelegate.swift */ = {isa = PBXFileReference; lastKnownFileType = sourcecode.swift; path = AppDelegate.swift; sourceTree = "<group>"; };
		F1AC02E925F950FB0049D1FA /* SceneDelegate.swift */ = {isa = PBXFileReference; lastKnownFileType = sourcecode.swift; path = SceneDelegate.swift; sourceTree = "<group>"; };
		F1AC02EE25F950FB0049D1FA /* Base */ = {isa = PBXFileReference; lastKnownFileType = file.storyboard; name = Base; path = Base.lproj/Main.storyboard; sourceTree = "<group>"; };
		F1AC02F025F950FD0049D1FA /* Assets.xcassets */ = {isa = PBXFileReference; lastKnownFileType = folder.assetcatalog; path = Assets.xcassets; sourceTree = "<group>"; };
		F1AC02F325F950FD0049D1FA /* Base */ = {isa = PBXFileReference; lastKnownFileType = file.storyboard; name = Base; path = Base.lproj/LaunchScreen.storyboard; sourceTree = "<group>"; };
		F1AC02F525F950FD0049D1FA /* Info.plist */ = {isa = PBXFileReference; lastKnownFileType = text.plist.xml; path = Info.plist; sourceTree = "<group>"; };
		F1AC030225F951460049D1FA /* UsersPresenter.swift */ = {isa = PBXFileReference; lastKnownFileType = sourcecode.swift; path = UsersPresenter.swift; sourceTree = "<group>"; };
		F1AC030325F951460049D1FA /* UsersRouter.swift */ = {isa = PBXFileReference; lastKnownFileType = sourcecode.swift; path = UsersRouter.swift; sourceTree = "<group>"; };
		F1AC030425F951460049D1FA /* UsersViewController.swift */ = {isa = PBXFileReference; lastKnownFileType = sourcecode.swift; path = UsersViewController.swift; sourceTree = "<group>"; };
		F1AC030525F951460049D1FA /* UsersProtocols.swift */ = {isa = PBXFileReference; lastKnownFileType = sourcecode.swift; path = UsersProtocols.swift; sourceTree = "<group>"; };
		F1AC030625F951460049D1FA /* UsersInteractor.swift */ = {isa = PBXFileReference; lastKnownFileType = sourcecode.swift; path = UsersInteractor.swift; sourceTree = "<group>"; };
		F1AC031025F9515F0049D1FA /* SFProText-Regular.ttf */ = {isa = PBXFileReference; lastKnownFileType = file; path = "SFProText-Regular.ttf"; sourceTree = "<group>"; };
		F1AC031925F952030049D1FA /* UserTableViewCell.swift */ = {isa = PBXFileReference; lastKnownFileType = sourcecode.swift; path = UserTableViewCell.swift; sourceTree = "<group>"; };
		F1AC031A25F952030049D1FA /* UserTableViewCell.xib */ = {isa = PBXFileReference; lastKnownFileType = file.xib; path = UserTableViewCell.xib; sourceTree = "<group>"; };
		F1AC032025F952530049D1FA /* UITableView+Extension.swift */ = {isa = PBXFileReference; fileEncoding = 4; lastKnownFileType = sourcecode.swift; path = "UITableView+Extension.swift"; sourceTree = "<group>"; };
		F1AC032125F952530049D1FA /* NSObject+Extension.swift */ = {isa = PBXFileReference; fileEncoding = 4; lastKnownFileType = sourcecode.swift; path = "NSObject+Extension.swift"; sourceTree = "<group>"; };
		F1AC035625F954400049D1FA /* User.swift */ = {isa = PBXFileReference; lastKnownFileType = sourcecode.swift; path = User.swift; sourceTree = "<group>"; };
/* End PBXFileReference section */

/* Begin PBXFrameworksBuildPhase section */
		F1AC02E125F950FB0049D1FA /* Frameworks */ = {
			isa = PBXFrameworksBuildPhase;
			buildActionMask = 2147483647;
			files = (
				A86C79B20C0D1666C1323725 /* Pods_BrainstormTask.framework in Frameworks */,
			);
			runOnlyForDeploymentPostprocessing = 0;
		};
/* End PBXFrameworksBuildPhase section */

/* Begin PBXGroup section */
		5AC93D5FC0C9E381DF2B3497 /* Pods */ = {
			isa = PBXGroup;
			children = (
				728EFCECB96D6D9B540515F5 /* Pods-BrainstormTask.debug.xcconfig */,
				451845807F6E1470B20762E6 /* Pods-BrainstormTask.release.xcconfig */,
			);
			path = Pods;
			sourceTree = "<group>";
		};
		9FFA09B8B57D078DD99206D6 /* Frameworks */ = {
			isa = PBXGroup;
			children = (
				9FD3CB0D71669AD0FB79F354 /* Pods_BrainstormTask.framework */,
			);
			name = Frameworks;
			sourceTree = "<group>";
		};
		F1AC02DB25F950FB0049D1FA = {
			isa = PBXGroup;
			children = (
				F1AC02E625F950FB0049D1FA /* BrainstormTask */,
				F1AC02E525F950FB0049D1FA /* Products */,
				5AC93D5FC0C9E381DF2B3497 /* Pods */,
				9FFA09B8B57D078DD99206D6 /* Frameworks */,
			);
			sourceTree = "<group>";
		};
		F1AC02E525F950FB0049D1FA /* Products */ = {
			isa = PBXGroup;
			children = (
				F1AC02E425F950FB0049D1FA /* BrainstormTask.app */,
			);
			name = Products;
			sourceTree = "<group>";
		};
		F1AC02E625F950FB0049D1FA /* BrainstormTask */ = {
			isa = PBXGroup;
			children = (
				F1AC035525F954300049D1FA /* Model */,
				F1AC030025F951220049D1FA /* Controller */,
				F1AC02FF25F951180049D1FA /* Font */,
				F1AC02FD25F951110049D1FA /* Extension */,
				F1AC031225F951850049D1FA /* Main Files */,
				F1AC02F525F950FD0049D1FA /* Info.plist */,
			);
			path = BrainstormTask;
			sourceTree = "<group>";
		};
		F1AC02FD25F951110049D1FA /* Extension */ = {
			isa = PBXGroup;
			children = (
				F1AC032125F952530049D1FA /* NSObject+Extension.swift */,
				F1AC032025F952530049D1FA /* UITableView+Extension.swift */,
			);
			path = Extension;
			sourceTree = "<group>";
		};
		F1AC02FF25F951180049D1FA /* Font */ = {
			isa = PBXGroup;
			children = (
				F1AC031025F9515F0049D1FA /* SFProText-Regular.ttf */,
			);
			path = Font;
			sourceTree = "<group>";
		};
		F1AC030025F951220049D1FA /* Controller */ = {
			isa = PBXGroup;
			children = (
				F1AC030125F951330049D1FA /* Users */,
			);
			path = Controller;
			sourceTree = "<group>";
		};
		F1AC030125F951330049D1FA /* Users */ = {
			isa = PBXGroup;
			children = (
				F1AC031825F951EA0049D1FA /* Cell */,
				F1AC030225F951460049D1FA /* UsersPresenter.swift */,
				F1AC030325F951460049D1FA /* UsersRouter.swift */,
				F1AC030425F951460049D1FA /* UsersViewController.swift */,
				F1AC030525F951460049D1FA /* UsersProtocols.swift */,
				F1AC030625F951460049D1FA /* UsersInteractor.swift */,
			);
			path = Users;
			sourceTree = "<group>";
		};
		F1AC031225F951850049D1FA /* Main Files */ = {
			isa = PBXGroup;
			children = (
				F1AC02E725F950FB0049D1FA /* AppDelegate.swift */,
				F1AC02E925F950FB0049D1FA /* SceneDelegate.swift */,
				F1AC02ED25F950FB0049D1FA /* Main.storyboard */,
				F1AC02F025F950FD0049D1FA /* Assets.xcassets */,
				F1AC02F225F950FD0049D1FA /* LaunchScreen.storyboard */,
			);
			path = "Main Files";
			sourceTree = "<group>";
		};
		F1AC031825F951EA0049D1FA /* Cell */ = {
			isa = PBXGroup;
			children = (
				F1AC031925F952030049D1FA /* UserTableViewCell.swift */,
				F1AC031A25F952030049D1FA /* UserTableViewCell.xib */,
			);
			path = Cell;
			sourceTree = "<group>";
		};
		F1AC035525F954300049D1FA /* Model */ = {
			isa = PBXGroup;
			children = (
				F1AC035625F954400049D1FA /* User.swift */,
			);
			path = Model;
			sourceTree = "<group>";
		};
/* End PBXGroup section */

/* Begin PBXNativeTarget section */
		F1AC02E325F950FB0049D1FA /* BrainstormTask */ = {
			isa = PBXNativeTarget;
			buildConfigurationList = F1AC02F825F950FD0049D1FA /* Build configuration list for PBXNativeTarget "BrainstormTask" */;
			buildPhases = (
				9641E503580C4C19DBB5A136 /* [CP] Check Pods Manifest.lock */,
				F1AC02E025F950FB0049D1FA /* Sources */,
				F1AC02E125F950FB0049D1FA /* Frameworks */,
				F1AC02E225F950FB0049D1FA /* Resources */,
				40E7011752E849BB9EC4BF75 /* [CP] Embed Pods Frameworks */,
			);
			buildRules = (
			);
			dependencies = (
			);
			name = BrainstormTask;
			productName = BrainstormTask;
			productReference = F1AC02E425F950FB0049D1FA /* BrainstormTask.app */;
			productType = "com.apple.product-type.application";
		};
/* End PBXNativeTarget section */

/* Begin PBXProject section */
		F1AC02DC25F950FB0049D1FA /* Project object */ = {
			isa = PBXProject;
			attributes = {
				LastSwiftUpdateCheck = 1230;
				LastUpgradeCheck = 1230;
				TargetAttributes = {
					F1AC02E325F950FB0049D1FA = {
						CreatedOnToolsVersion = 12.3;
					};
				};
			};
			buildConfigurationList = F1AC02DF25F950FB0049D1FA /* Build configuration list for PBXProject "BrainstormTask" */;
			compatibilityVersion = "Xcode 9.3";
			developmentRegion = en;
			hasScannedForEncodings = 0;
			knownRegions = (
				en,
				Base,
			);
			mainGroup = F1AC02DB25F950FB0049D1FA;
			productRefGroup = F1AC02E525F950FB0049D1FA /* Products */;
			projectDirPath = "";
			projectRoot = "";
			targets = (
				F1AC02E325F950FB0049D1FA /* BrainstormTask */,
			);
		};
/* End PBXProject section */

/* Begin PBXResourcesBuildPhase section */
		F1AC02E225F950FB0049D1FA /* Resources */ = {
			isa = PBXResourcesBuildPhase;
			buildActionMask = 2147483647;
			files = (
				F1AC031625F951E50049D1FA /* SFProText-Regular.ttf in Resources */,
				F1AC02F425F950FD0049D1FA /* LaunchScreen.storyboard in Resources */,
				F1AC02F125F950FD0049D1FA /* Assets.xcassets in Resources */,
				F1AC02EF25F950FB0049D1FA /* Main.storyboard in Resources */,
				F1AC031C25F952030049D1FA /* UserTableViewCell.xib in Resources */,
			);
			runOnlyForDeploymentPostprocessing = 0;
		};
/* End PBXResourcesBuildPhase section */

/* Begin PBXShellScriptBuildPhase section */
		40E7011752E849BB9EC4BF75 /* [CP] Embed Pods Frameworks */ = {
			isa = PBXShellScriptBuildPhase;
			buildActionMask = 2147483647;
			files = (
			);
			inputFileListPaths = (
				"${PODS_ROOT}/Target Support Files/Pods-BrainstormTask/Pods-BrainstormTask-frameworks-${CONFIGURATION}-input-files.xcfilelist",
			);
			name = "[CP] Embed Pods Frameworks";
			outputFileListPaths = (
				"${PODS_ROOT}/Target Support Files/Pods-BrainstormTask/Pods-BrainstormTask-frameworks-${CONFIGURATION}-output-files.xcfilelist",
			);
			runOnlyForDeploymentPostprocessing = 0;
			shellPath = /bin/sh;
			shellScript = "\"${PODS_ROOT}/Target Support Files/Pods-BrainstormTask/Pods-BrainstormTask-frameworks.sh\"\n";
			showEnvVarsInLog = 0;
		};
		9641E503580C4C19DBB5A136 /* [CP] Check Pods Manifest.lock */ = {
			isa = PBXShellScriptBuildPhase;
			buildActionMask = 2147483647;
			files = (
			);
			inputFileListPaths = (
			);
			inputPaths = (
				"${PODS_PODFILE_DIR_PATH}/Podfile.lock",
				"${PODS_ROOT}/Manifest.lock",
			);
			name = "[CP] Check Pods Manifest.lock";
			outputFileListPaths = (
			);
			outputPaths = (
				"$(DERIVED_FILE_DIR)/Pods-BrainstormTask-checkManifestLockResult.txt",
			);
			runOnlyForDeploymentPostprocessing = 0;
			shellPath = /bin/sh;
			shellScript = "diff \"${PODS_PODFILE_DIR_PATH}/Podfile.lock\" \"${PODS_ROOT}/Manifest.lock\" > /dev/null\nif [ $? != 0 ] ; then\n    # print error to STDERR\n    echo \"error: The sandbox is not in sync with the Podfile.lock. Run 'pod install' or update your CocoaPods installation.\" >&2\n    exit 1\nfi\n# This output is used by Xcode 'outputs' to avoid re-running this script phase.\necho \"SUCCESS\" > \"${SCRIPT_OUTPUT_FILE_0}\"\n";
			showEnvVarsInLog = 0;
		};
/* End PBXShellScriptBuildPhase section */

/* Begin PBXSourcesBuildPhase section */
		F1AC02E025F950FB0049D1FA /* Sources */ = {
			isa = PBXSourcesBuildPhase;
			buildActionMask = 2147483647;
			files = (
				F1AC030C25F951460049D1FA /* UsersInteractor.swift in Sources */,
				F1AC02E825F950FB0049D1FA /* AppDelegate.swift in Sources */,
				F1AC032225F952530049D1FA /* UITableView+Extension.swift in Sources */,
				F1AC02EA25F950FB0049D1FA /* SceneDelegate.swift in Sources */,
				F1AC030B25F951460049D1FA /* UsersProtocols.swift in Sources */,
				F1AC032325F952530049D1FA /* NSObject+Extension.swift in Sources */,
				F1AC031B25F952030049D1FA /* UserTableViewCell.swift in Sources */,
				F1AC030A25F951460049D1FA /* UsersViewController.swift in Sources */,
				F1AC030825F951460049D1FA /* UsersPresenter.swift in Sources */,
				F1AC030925F951460049D1FA /* UsersRouter.swift in Sources */,
				F1AC035725F954400049D1FA /* User.swift in Sources */,
			);
			runOnlyForDeploymentPostprocessing = 0;
		};
/* End PBXSourcesBuildPhase section */

/* Begin PBXVariantGroup section */
		F1AC02ED25F950FB0049D1FA /* Main.storyboard */ = {
			isa = PBXVariantGroup;
			children = (
				F1AC02EE25F950FB0049D1FA /* Base */,
			);
			name = Main.storyboard;
			sourceTree = "<group>";
		};
		F1AC02F225F950FD0049D1FA /* LaunchScreen.storyboard */ = {
			isa = PBXVariantGroup;
			children = (
				F1AC02F325F950FD0049D1FA /* Base */,
			);
			name = LaunchScreen.storyboard;
			sourceTree = "<group>";
		};
/* End PBXVariantGroup section */

/* Begin XCBuildConfiguration section */
		F1AC02F625F950FD0049D1FA /* Debug */ = {
			isa = XCBuildConfiguration;
			buildSettings = {
				ALWAYS_SEARCH_USER_PATHS = NO;
				CLANG_ANALYZER_NONNULL = YES;
				CLANG_ANALYZER_NUMBER_OBJECT_CONVERSION = YES_AGGRESSIVE;
				CLANG_CXX_LANGUAGE_STANDARD = "gnu++14";
				CLANG_CXX_LIBRARY = "libc++";
				CLANG_ENABLE_MODULES = YES;
				CLANG_ENABLE_OBJC_ARC = YES;
				CLANG_ENABLE_OBJC_WEAK = YES;
				CLANG_WARN_BLOCK_CAPTURE_AUTORELEASING = YES;
				CLANG_WARN_BOOL_CONVERSION = YES;
				CLANG_WARN_COMMA = YES;
				CLANG_WARN_CONSTANT_CONVERSION = YES;
				CLANG_WARN_DEPRECATED_OBJC_IMPLEMENTATIONS = YES;
				CLANG_WARN_DIRECT_OBJC_ISA_USAGE = YES_ERROR;
				CLANG_WARN_DOCUMENTATION_COMMENTS = YES;
				CLANG_WARN_EMPTY_BODY = YES;
				CLANG_WARN_ENUM_CONVERSION = YES;
				CLANG_WARN_INFINITE_RECURSION = YES;
				CLANG_WARN_INT_CONVERSION = YES;
				CLANG_WARN_NON_LITERAL_NULL_CONVERSION = YES;
				CLANG_WARN_OBJC_IMPLICIT_RETAIN_SELF = YES;
				CLANG_WARN_OBJC_LITERAL_CONVERSION = YES;
				CLANG_WARN_OBJC_ROOT_CLASS = YES_ERROR;
				CLANG_WARN_QUOTED_INCLUDE_IN_FRAMEWORK_HEADER = YES;
				CLANG_WARN_RANGE_LOOP_ANALYSIS = YES;
				CLANG_WARN_STRICT_PROTOTYPES = YES;
				CLANG_WARN_SUSPICIOUS_MOVE = YES;
				CLANG_WARN_UNGUARDED_AVAILABILITY = YES_AGGRESSIVE;
				CLANG_WARN_UNREACHABLE_CODE = YES;
				CLANG_WARN__DUPLICATE_METHOD_MATCH = YES;
				COPY_PHASE_STRIP = NO;
				DEBUG_INFORMATION_FORMAT = dwarf;
				ENABLE_STRICT_OBJC_MSGSEND = YES;
				ENABLE_TESTABILITY = YES;
				GCC_C_LANGUAGE_STANDARD = gnu11;
				GCC_DYNAMIC_NO_PIC = NO;
				GCC_NO_COMMON_BLOCKS = YES;
				GCC_OPTIMIZATION_LEVEL = 0;
				GCC_PREPROCESSOR_DEFINITIONS = (
					"DEBUG=1",
					"$(inherited)",
				);
				GCC_WARN_64_TO_32_BIT_CONVERSION = YES;
				GCC_WARN_ABOUT_RETURN_TYPE = YES_ERROR;
				GCC_WARN_UNDECLARED_SELECTOR = YES;
				GCC_WARN_UNINITIALIZED_AUTOS = YES_AGGRESSIVE;
				GCC_WARN_UNUSED_FUNCTION = YES;
				GCC_WARN_UNUSED_VARIABLE = YES;
				IPHONEOS_DEPLOYMENT_TARGET = 14.3;
				MTL_ENABLE_DEBUG_INFO = INCLUDE_SOURCE;
				MTL_FAST_MATH = YES;
				ONLY_ACTIVE_ARCH = YES;
				SDKROOT = iphoneos;
				SWIFT_ACTIVE_COMPILATION_CONDITIONS = DEBUG;
				SWIFT_OPTIMIZATION_LEVEL = "-Onone";
			};
			name = Debug;
		};
		F1AC02F725F950FD0049D1FA /* Release */ = {
			isa = XCBuildConfiguration;
			buildSettings = {
				ALWAYS_SEARCH_USER_PATHS = NO;
				CLANG_ANALYZER_NONNULL = YES;
				CLANG_ANALYZER_NUMBER_OBJECT_CONVERSION = YES_AGGRESSIVE;
				CLANG_CXX_LANGUAGE_STANDARD = "gnu++14";
				CLANG_CXX_LIBRARY = "libc++";
				CLANG_ENABLE_MODULES = YES;
				CLANG_ENABLE_OBJC_ARC = YES;
				CLANG_ENABLE_OBJC_WEAK = YES;
				CLANG_WARN_BLOCK_CAPTURE_AUTORELEASING = YES;
				CLANG_WARN_BOOL_CONVERSION = YES;
				CLANG_WARN_COMMA = YES;
				CLANG_WARN_CONSTANT_CONVERSION = YES;
				CLANG_WARN_DEPRECATED_OBJC_IMPLEMENTATIONS = YES;
				CLANG_WARN_DIRECT_OBJC_ISA_USAGE = YES_ERROR;
				CLANG_WARN_DOCUMENTATION_COMMENTS = YES;
				CLANG_WARN_EMPTY_BODY = YES;
				CLANG_WARN_ENUM_CONVERSION = YES;
				CLANG_WARN_INFINITE_RECURSION = YES;
				CLANG_WARN_INT_CONVERSION = YES;
				CLANG_WARN_NON_LITERAL_NULL_CONVERSION = YES;
				CLANG_WARN_OBJC_IMPLICIT_RETAIN_SELF = YES;
				CLANG_WARN_OBJC_LITERAL_CONVERSION = YES;
				CLANG_WARN_OBJC_ROOT_CLASS = YES_ERROR;
				CLANG_WARN_QUOTED_INCLUDE_IN_FRAMEWORK_HEADER = YES;
				CLANG_WARN_RANGE_LOOP_ANALYSIS = YES;
				CLANG_WARN_STRICT_PROTOTYPES = YES;
				CLANG_WARN_SUSPICIOUS_MOVE = YES;
				CLANG_WARN_UNGUARDED_AVAILABILITY = YES_AGGRESSIVE;
				CLANG_WARN_UNREACHABLE_CODE = YES;
				CLANG_WARN__DUPLICATE_METHOD_MATCH = YES;
				COPY_PHASE_STRIP = NO;
				DEBUG_INFORMATION_FORMAT = "dwarf-with-dsym";
				ENABLE_NS_ASSERTIONS = NO;
				ENABLE_STRICT_OBJC_MSGSEND = YES;
				GCC_C_LANGUAGE_STANDARD = gnu11;
				GCC_NO_COMMON_BLOCKS = YES;
				GCC_WARN_64_TO_32_BIT_CONVERSION = YES;
				GCC_WARN_ABOUT_RETURN_TYPE = YES_ERROR;
				GCC_WARN_UNDECLARED_SELECTOR = YES;
				GCC_WARN_UNINITIALIZED_AUTOS = YES_AGGRESSIVE;
				GCC_WARN_UNUSED_FUNCTION = YES;
				GCC_WARN_UNUSED_VARIABLE = YES;
				IPHONEOS_DEPLOYMENT_TARGET = 14.3;
				MTL_ENABLE_DEBUG_INFO = NO;
				MTL_FAST_MATH = YES;
				SDKROOT = iphoneos;
				SWIFT_COMPILATION_MODE = wholemodule;
				SWIFT_OPTIMIZATION_LEVEL = "-O";
				VALIDATE_PRODUCT = YES;
			};
			name = Release;
		};
		F1AC02F925F950FD0049D1FA /* Debug */ = {
			isa = XCBuildConfiguration;
			baseConfigurationReference = 728EFCECB96D6D9B540515F5 /* Pods-BrainstormTask.debug.xcconfig */;
			buildSettings = {
				ASSETCATALOG_COMPILER_APPICON_NAME = AppIcon;
				ASSETCATALOG_COMPILER_GLOBAL_ACCENT_COLOR_NAME = AccentColor;
				CODE_SIGN_STYLE = Automatic;
				DEVELOPMENT_TEAM = 4A7322KKH4;
				INFOPLIST_FILE = BrainstormTask/Info.plist;
				LD_RUNPATH_SEARCH_PATHS = (
					"$(inherited)",
					"@executable_path/Frameworks",
				);
				PRODUCT_BUNDLE_IDENTIFIER = com.sargis.BrainstormTask;
				PRODUCT_NAME = "$(TARGET_NAME)";
				SWIFT_VERSION = 5.0;
				TARGETED_DEVICE_FAMILY = "1,2";
			};
			name = Debug;
		};
		F1AC02FA25F950FD0049D1FA /* Release */ = {
			isa = XCBuildConfiguration;
			baseConfigurationReference = 451845807F6E1470B20762E6 /* Pods-BrainstormTask.release.xcconfig */;
			buildSettings = {
				ASSETCATALOG_COMPILER_APPICON_NAME = AppIcon;
				ASSETCATALOG_COMPILER_GLOBAL_ACCENT_COLOR_NAME = AccentColor;
				CODE_SIGN_STYLE = Automatic;
				DEVELOPMENT_TEAM = 4A7322KKH4;
				INFOPLIST_FILE = BrainstormTask/Info.plist;
				LD_RUNPATH_SEARCH_PATHS = (
					"$(inherited)",
					"@executable_path/Frameworks",
				);
				PRODUCT_BUNDLE_IDENTIFIER = com.sargis.BrainstormTask;
				PRODUCT_NAME = "$(TARGET_NAME)";
				SWIFT_VERSION = 5.0;
				TARGETED_DEVICE_FAMILY = "1,2";
			};
			name = Release;
		};
/* End XCBuildConfiguration section */

/* Begin XCConfigurationList section */
		F1AC02DF25F950FB0049D1FA /* Build configuration list for PBXProject "BrainstormTask" */ = {
			isa = XCConfigurationList;
			buildConfigurations = (
				F1AC02F625F950FD0049D1FA /* Debug */,
				F1AC02F725F950FD0049D1FA /* Release */,
			);
			defaultConfigurationIsVisible = 0;
			defaultConfigurationName = Release;
		};
		F1AC02F825F950FD0049D1FA /* Build configuration list for PBXNativeTarget "BrainstormTask" */ = {
			isa = XCConfigurationList;
			buildConfigurations = (
				F1AC02F925F950FD0049D1FA /* Debug */,
				F1AC02FA25F950FD0049D1FA /* Release */,
			);
			defaultConfigurationIsVisible = 0;
			defaultConfigurationName = Release;
		};
/* End XCConfigurationList section */
	};
	rootObject = F1AC02DC25F950FB0049D1FA /* Project object */;
}
